# CREATED BY pubspec2lock.py
# DO NOT EDIT BY HAND
packages:
  _fe_analyzer_shared:
    archive_url: https://pub.dartlang.org/packages/_fe_analyzer_shared/versions/61.0.0.tar.gz
    dependency: transitive
    description:
      name: _fe_analyzer_shared
      sha256: ae92f5d747aee634b87f89d9946000c2de774be1d6ac3e58268224348cd0101a
      url: https://pub.dev
    sha256: 15fh9ka41dw4qsynv07msq4i243fibprcmafdygw5x88f7m55fq3
    source: hosted
    version: 61.0.0
  analyzer:
    archive_url: https://pub.dartlang.org/packages/analyzer/versions/5.13.0.tar.gz
    dependency: transitive
    description:
      name: analyzer
      sha256: ea3d8652bda62982addfd92fdc2d0214e5f82e43325104990d4f4c4a2a313562
      url: https://pub.dev
    sha256: 0w604zngxwfx0xqxvhbxrhdh04wgm6ad6a1lbwnyvmk57amv44np
    source: hosted
    version: 5.13.0
  args:
    archive_url: https://pub.dartlang.org/packages/args/versions/2.4.2.tar.gz
    dependency: transitive
    description:
      name: args
      sha256: eef6c46b622e0494a36c5a12d10d77fb4e855501a91c1b9ef9339326e58f0596
      url: https://pub.dev
    sha256: 01ps253280c6dbx0vncw4wga4l2qp1zx779qjj2x06xzb3744zbz
    source: hosted
    version: 2.4.2
  async:
    archive_url: https://pub.dartlang.org/packages/async/versions/2.11.0.tar.gz
    dependency: transitive
    description:
      name: async
      sha256: 947bfcf187f74dbc5e146c9eb9c0f10c9f8b30743e341481c1e2ed3ecc18c20c
      url: https://pub.dev
    sha256: 0hfgvjajp5c2mw68186hgrk9v5zjhhi149hlhl0fap274p2v1g3q
    source: hosted
    version: 2.11.0
  boolean_selector:
    archive_url: https://pub.dartlang.org/packages/boolean_selector/versions/2.1.1.tar.gz
    dependency: transitive
    description:
      name: boolean_selector
      sha256: 6cfb5af12253eaf2b368f07bacc5a80d1301a071c73360d746b7f2e32d762c66
      url: https://pub.dev
    sha256: 0hxq8072hb89q9s91xlz9fvrjxfy7hw6jkdwkph5dp77df841kmj
    source: hosted
    version: 2.1.1
  build:
    archive_url: https://pub.dartlang.org/packages/build/versions/2.3.1.tar.gz
    dependency: transitive
    description:
      name: build
      sha256: 3fbda25365741f8251b39f3917fb3c8e286a96fd068a5a242e11c2012d495777
      url: https://pub.dev
    sha256: 1x6nkii6kqy6y7ck0151yfhc9lp2nvbhznnhdi2mxr8afk6jxigd
    source: hosted
    version: 2.3.1
  build_config:
    archive_url: https://pub.dartlang.org/packages/build_config/versions/1.1.1.tar.gz
    dependency: transitive
    description:
      name: build_config
      sha256: bf80fcfb46a29945b423bd9aad884590fb1dc69b330a4d4700cac476af1708d1
      url: https://pub.dev
    sha256: 092rrbhbdy9fk50jqb1fwj1sfk415fi43irvsd0hk5w90gn8vazj
    source: hosted
    version: 1.1.1
  build_daemon:
    archive_url: https://pub.dartlang.org/packages/build_daemon/versions/3.1.1.tar.gz
    dependency: transitive
    description:
      name: build_daemon
      sha256: 757153e5d9cd88253cb13f28c2fb55a537dc31fefd98137549895b5beb7c6169
      url: https://pub.dev
    sha256: 1wn7bq846vgdj62bkh9h25l95xdsndv0jdyw52nyr0591l3bpg3h
    source: hosted
    version: 3.1.1
  build_resolvers:
    archive_url: https://pub.dartlang.org/packages/build_resolvers/versions/2.3.1.tar.gz
    dependency: transitive
    description:
      name: build_resolvers
      sha256: a7417cc44d9edb3f2c8760000270c99dba8c72ff66d0146772b8326565780745
      url: https://pub.dev
    sha256: 00h9abhrfmnl0xxziyf6p68sxnbv2ww1c4dhgpnz00mzbmamnq5c
    source: hosted
    version: 2.3.1
  build_runner:
    archive_url: https://pub.dartlang.org/packages/build_runner/versions/2.3.3.tar.gz
    dependency: direct dev
    description:
      name: build_runner
      sha256: b0a8a7b8a76c493e85f1b84bffa0588859a06197863dba8c9036b15581fd9727
      url: https://pub.dev
    sha256: 0b5ha1l6k0gn2swqgqvfy2vl58klf81sxrjnmk0p7rj1wzbqjm7l
    source: hosted
    version: 2.3.3
  build_runner_core:
    archive_url: https://pub.dartlang.org/packages/build_runner_core/versions/7.2.7%2B1.tar.gz
    dependency: transitive
    description:
      name: build_runner_core
      sha256: 0671ad4162ed510b70d0eb4ad6354c249f8429cab4ae7a4cec86bbc2886eb76e
      url: https://pub.dev
    sha256: 07r1kfy6ylm4i4xrb24ns8l26h4h1lgcskmnf8wvq2rd5d5hq790
    source: hosted
    version: 7.2.7+1
  built_collection:
    archive_url: https://pub.dartlang.org/packages/built_collection/versions/5.1.1.tar.gz
    dependency: transitive
    description:
      name: built_collection
      sha256: 376e3dd27b51ea877c28d525560790aee2e6fbb5f20e2f85d5081027d94e2100
      url: https://pub.dev
    sha256: 0bqjahxr42q84w91nhv3n4cr580l3s3ffx3vgzyyypgqnrck0hv3
    source: hosted
    version: 5.1.1
  built_value:
    archive_url: https://pub.dartlang.org/packages/built_value/versions/8.6.2.tar.gz
    dependency: transitive
    description:
      name: built_value
      sha256: ff627b645b28fb8bdb69e645f910c2458fd6b65f6585c3a53e0626024897dedf
      url: https://pub.dev
    sha256: 1y84imf9xqqy3gnd5zz9bcln6mycy7qx35r70b0izm31ismlbzkv
    source: hosted
    version: 8.6.2
  checked_yaml:
    archive_url: https://pub.dartlang.org/packages/checked_yaml/versions/2.0.3.tar.gz
    dependency: transitive
    description:
      name: checked_yaml
      sha256: feb6bed21949061731a7a75fc5d2aa727cf160b91af9a3e464c5e3a32e28b5ff
      url: https://pub.dev
    sha256: 1sn01yrmj0pkijn08g3v45c3zmyvdygk9svigkkzybgicdwlkpqs
    source: hosted
    version: 2.0.3
  code_builder:
    archive_url: https://pub.dartlang.org/packages/code_builder/versions/4.6.0.tar.gz
    dependency: transitive
    description:
      name: code_builder
      sha256: 315a598c7fbe77f22de1c9da7cfd6fd21816312f16ffa124453b4fc679e540f1
      url: https://pub.dev
    sha256: 1shgl7mxiyv0hhw326yqj2b9jxi1h74qxmsnxf1d1xc6yz766p9a
    source: hosted
    version: 4.6.0
  collection:
    archive_url: https://pub.dartlang.org/packages/collection/versions/1.18.0.tar.gz
    dependency: direct main
    description:
      name: collection
      sha256: ee67cb0715911d28db6bf4af1026078bd6f0128b07a5f66fb2ed94ec6783c09a
      url: https://pub.dev
    sha256: 1mr8j0078c4z9hhckiq8m735rggsazwfprm0w9gisil51vh7j2mk
    source: hosted
    version: 1.18.0
  convert:
    archive_url: https://pub.dartlang.org/packages/convert/versions/3.1.1.tar.gz
    dependency: transitive
    description:
      name: convert
      sha256: 0f08b14755d163f6e2134cb58222dd25ea2a2ee8a195e53983d57c075324d592
      url: https://pub.dev
    sha256: 0adsigjk3l1c31i6k91p28dqyjlgwiqrs4lky5djrm2scf8k6cri
    source: hosted
    version: 3.1.1
  coverage:
    archive_url: https://pub.dartlang.org/packages/coverage/versions/1.6.3.tar.gz
    dependency: transitive
    description:
      name: coverage
      sha256: 2fb815080e44a09b85e0f2ca8a820b15053982b2e714b59267719e8a9ff17097
      url: https://pub.dev
    sha256: 1yy9bgkax5b6kk7qa07p452v82fyj4rl1j03fn366ywyvhfrh6lp
    source: hosted
    version: 1.6.3
  crypto:
    archive_url: https://pub.dartlang.org/packages/crypto/versions/3.0.3.tar.gz
    dependency: transitive
    description:
      name: crypto
      sha256: ff625774173754681d66daaf4a448684fb04b78f902da9cb3d308c19cc5e8bab
      url: https://pub.dev
    sha256: 100ai8qa4p3dyvvd60c4xa9p0gm06yh0d68xgcfm3giraad8xmqj
    source: hosted
    version: 3.0.3
  cryptography:
    archive_url: https://pub.dartlang.org/packages/cryptography/versions/2.5.0.tar.gz
    dependency: direct main
    description:
      name: cryptography
      sha256: df156c5109286340817d21fa7b62f9140f17915077127dd70f8bd7a2a0997a35
      url: https://pub.dev
    sha256: 1yxn9slqq93ri81fbr2nbsinz0mpk9wk39ny076ja8q31d4i8v3f
    source: hosted
    version: 2.5.0
  dart_style:
    archive_url: https://pub.dartlang.org/packages/dart_style/versions/2.3.2.tar.gz
    dependency: transitive
    description:
      name: dart_style
      sha256: 1efa911ca7086affd35f463ca2fc1799584fb6aa89883cf0af8e3664d6a02d55
      url: https://pub.dev
    sha256: 0cjhrb1hs8iw9smmfd0fgnxq3nm0w8sz17l6q6svyz6kif19wk9k
    source: hosted
    version: 2.3.2
  file:
    archive_url: https://pub.dartlang.org/packages/file/versions/6.1.4.tar.gz
    dependency: transitive
    description:
      name: file
      sha256: 1b92bec4fc2a72f59a8e15af5f52cd441e4a7860b49499d69dfa817af20e925d
      url: https://pub.dev
    sha256: 0ajcfblf8d4dicp1sgzkbrhd0b0v0d8wl70jsnf5drjck3p3ppk7
    source: hosted
    version: 6.1.4
  fixnum:
    archive_url: https://pub.dartlang.org/packages/fixnum/versions/1.1.0.tar.gz
    dependency: transitive
    description:
      name: fixnum
      sha256: 25517a4deb0c03aa0f32fd12db525856438902d9c16536311e76cdc57b31d7d1
      url: https://pub.dev
    sha256: 0nqrzj41ys8dpxf1x70r0kfj1avj0f2j2b7498k8kvc0i9c5asz7
    source: hosted
    version: 1.1.0
  frontend_server_client:
    archive_url: https://pub.dartlang.org/packages/frontend_server_client/versions/3.2.0.tar.gz
    dependency: transitive
    description:
      name: frontend_server_client
      sha256: 408e3ca148b31c20282ad6f37ebfa6f4bdc8fede5b74bc2f08d9d92b55db3612
      url: https://pub.dev
    sha256: 096v7ycix5hgnk750s1qgykyghl2mymhdkg39jrlk3kbj6xygq5b
    source: hosted
    version: 3.2.0
  glob:
    archive_url: https://pub.dartlang.org/packages/glob/versions/2.1.2.tar.gz
    dependency: transitive
    description:
      name: glob
      sha256: 0e7014b3b7d4dac1ca4d6114f82bf1782ee86745b9b42a92c9289c23d8a0ab63
      url: https://pub.dev
    sha256: 0ffab3azx8zkma36mk6wnig8bn8g5g0vjrq2gl21y77rxgw9iqxj
    source: hosted
    version: 2.1.2
  graphs:
    archive_url: https://pub.dartlang.org/packages/graphs/versions/2.3.1.tar.gz
    dependency: transitive
    description:
      name: graphs
      sha256: aedc5a15e78fc65a6e23bcd927f24c64dd995062bcd1ca6eda65a3cff92a4d19
      url: https://pub.dev
    sha256: 0fda0j8y6sq1rc9zpzglrzysl5h49y2ji1wq2lq0wx2c609dxm7f
    source: hosted
    version: 2.3.1
  hex:
    archive_url: https://pub.dartlang.org/packages/hex/versions/0.2.0.tar.gz
    dependency: direct main
    description:
      name: hex
      sha256: 4e7cd54e4b59ba026432a6be2dd9d96e4c5205725194997193bf871703b82c4a
      url: https://pub.dev
    sha256: 19w3f90mdiy06a6kf8hlwc4jn4cxixkj106kc3g3bis27ar7smkh
    source: hosted
    version: 0.2.0
  http_multi_server:
    archive_url: https://pub.dartlang.org/packages/http_multi_server/versions/3.2.1.tar.gz
    dependency: transitive
    description:
      name: http_multi_server
      sha256: 97486f20f9c2f7be8f514851703d0119c3596d14ea63227af6f7a481ef2b2f8b
      url: https://pub.dev
    sha256: 1zdcm04z85jahb2hs7qs85rh974kw49hffhy9cn1gfda3077dvql
    source: hosted
    version: 3.2.1
  http_parser:
    archive_url: https://pub.dartlang.org/packages/http_parser/versions/4.0.2.tar.gz
    dependency: transitive
    description:
      name: http_parser
      sha256: 2aa08ce0341cc9b354a498388e30986515406668dbcc4f7c950c3e715496693b
      url: https://pub.dev
    sha256: 027c4sjkhkkx3sk1aqs6s4djb87syi9h521qpm1bf21bq3gga5jd
    source: hosted
    version: 4.0.2
  io:
    archive_url: https://pub.dartlang.org/packages/io/versions/1.0.4.tar.gz
    dependency: transitive
    description:
      name: io
      sha256: 2ec25704aba361659e10e3e5f5d672068d332fc8ac516421d483a11e5cbd061e
      url: https://pub.dev
    sha256: 101kd0rw26vglmr1m5p130kbrp3k7dk4p5nr77wsbwgg53w8c0d4
    source: hosted
    version: 1.0.4
  js:
    archive_url: https://pub.dartlang.org/packages/js/versions/0.6.7.tar.gz
    dependency: transitive
    description:
      name: js
      sha256: f2c445dce49627136094980615a031419f7f3eb393237e4ecd97ac15dea343f3
      url: https://pub.dev
    sha256: 124a9yqrjdw3p4nnirab9hm9ziwraldlw4q5cb3sr0dcrli74qpw
    source: hosted
    version: 0.6.7
  json_annotation:
    archive_url: https://pub.dartlang.org/packages/json_annotation/versions/4.8.1.tar.gz
    dependency: transitive
    description:
      name: json_annotation
      sha256: b10a7b2ff83d83c777edba3c6a0f97045ddadd56c944e1a23a3fdf43a1bf4467
      url: https://pub.dev
    sha256: 1jjw7p8qyqajgdq4jqvxipq5w0qrq9dpi1qmia70pk995akryh6m
    source: hosted
    version: 4.8.1
  json_serializable:
    archive_url: https://pub.dartlang.org/packages/json_serializable/versions/6.6.2.tar.gz
    dependency: direct main
    description:
      name: json_serializable
      sha256: 43793352f90efa5d8b251893a63d767b2f7c833120e3cc02adad55eefec04dc7
      url: https://pub.dev
    sha256: 1pmidql9x6s2pbhdx9x20pwqwvwpfkvrz0h0cm1f8pqis76c90hb
    source: hosted
    version: 6.6.2
  logging:
    archive_url: https://pub.dartlang.org/packages/logging/versions/1.2.0.tar.gz
    dependency: direct main
    description:
      name: logging
      sha256: 623a88c9594aa774443aa3eb2d41807a48486b5613e67599fb4c41c0ad47c340
      url: https://pub.dev
    sha256: 124hfjs66r30p92ndfmy5fymgy66yk9in97h8sq6fi7r78pqyc7g
    source: hosted
    version: 1.2.0
  matcher:
    archive_url: https://pub.dartlang.org/packages/matcher/versions/0.12.16.tar.gz
    dependency: transitive
    description:
      name: matcher
      sha256: 1803e76e6653768d64ed8ff2e1e67bea3ad4b923eb5c56a295c3e634bad5960e
      url: https://pub.dev
    sha256: 0inznqkrxqnq09lcbwvda3xd07qfm1k3aa6dv1wy39gvci8hybss
    source: hosted
    version: 0.12.16
  meta:
    archive_url: https://pub.dartlang.org/packages/meta/versions/1.9.1.tar.gz
    dependency: direct main
    description:
      name: meta
      sha256: 3c74dbf8763d36539f114c799d8a2d87343b5067e9d796ca22b5eb8437090ee3
      url: https://pub.dev
    sha256: 1l3zaz6q2s9mnm7s674xshsfqspy79p5kdbbnc99rf2l76avv4h3
    source: hosted
    version: 1.9.1
  mime:
    archive_url: https://pub.dartlang.org/packages/mime/versions/1.0.4.tar.gz
    dependency: transitive
    description:
      name: mime
      sha256: e4ff8e8564c03f255408decd16e7899da1733852a9110a58fe6d1b817684a63e
      url: https://pub.dev
    sha256: 1dha9z64bsz8xhi0p62vmlyikr8xwbdlrw90hxghmm3rdgd9h25w
    source: hosted
    version: 1.0.4
  moxlib:
    archive_url: https://git.polynom.me/api/packages/moxxy/pub/api/packages/moxlib/files/0.2.0.tar.gz
    dependency: direct main
    description:
      name: moxlib
      sha256: 2a76a632d23ea73906964cee4463352995e40199036162217ea323a6c3846e73
      url: https://git.polynom.me/api/packages/Moxxy/pub/
    sha256: 1qaacmcqhq33grn2nq8sn23ki62dcmw0fqy589xm1zv6w0pzfmsk
    source: hosted
    version: 0.2.0
  node_preamble:
    archive_url: https://pub.dartlang.org/packages/node_preamble/versions/2.0.2.tar.gz
    dependency: transitive
    description:
      name: node_preamble
      sha256: 6e7eac89047ab8a8d26cf16127b5ed26de65209847630400f9aefd7cd5c730db
      url: https://pub.dev
    sha256: 12ajg76r9aqmqkavvlxbnb3sszg1szcq3f30badkd0xc25mnhyh8
    source: hosted
    version: 2.0.2
  omemo_dart:
    archive_url: https://git.polynom.me/api/packages/PapaTutuWawa/pub/api/packages/omemo_dart/files/0.5.1.tar.gz
    dependency: direct main
    description:
      name: omemo_dart
      sha256: 61f4695f105bc72663bd804350fc9cdb14c81e95fc190137a8344280e70fbc00
      url: https://git.polynom.me/api/packages/PapaTutuWawa/pub/
    sha256: 0fhf89ic5mdyld25l6rfb37a1fk1f0f2b4d72xi4r7pvr0ddjhz8
    source: hosted
    version: 0.5.1
  package_config:
    archive_url: https://pub.dartlang.org/packages/package_config/versions/2.1.0.tar.gz
    dependency: transitive
    description:
      name: package_config
      sha256: 1c5b77ccc91e4823a5af61ee74e6b972db1ef98c2ff5a18d3161c982a55448bd
      url: https://pub.dev
    sha256: 1d4l0i4cby344zj45f5shrg2pkw1i1jn03kx0qqh0l7gh1ha7bpc
    source: hosted
    version: 2.1.0
  path:
    archive_url: https://pub.dartlang.org/packages/path/versions/1.8.3.tar.gz
    dependency: transitive
    description:
      name: path
      sha256: 8829d8a55c13fc0e37127c29fedf290c102f4e40ae94ada574091fe0ff96c917
      url: https://pub.dev
    sha256: 1mjdhq2fsz6i9krhp2mnaks2bcw34sa4p7mg0v6njk8dgx2754iv
    source: hosted
    version: 1.8.3
  pedantic:
    archive_url: https://pub.dartlang.org/packages/pedantic/versions/1.11.1.tar.gz
    dependency: transitive
    description:
      name: pedantic
      sha256: 67fc27ed9639506c856c840ccce7594d0bdcd91bc8d53d6e52359449a1d50602
      url: https://pub.dev
    sha256: 10ch0h3hi6cfwiz2ihfkh6m36m75c0m7fd0wwqaqggffsj2dn8ad
    source: hosted
    version: 1.11.1
  petitparser:
    archive_url: https://pub.dartlang.org/packages/petitparser/versions/5.4.0.tar.gz
    dependency: transitive
    description:
      name: petitparser
      sha256: cb3798bef7fc021ac45b308f4b51208a152792445cce0448c9a4ba5879dd8750
      url: https://pub.dev
    sha256: 19zqrpb1z77aw1k2s8rsxdfxczzv9934g2rdfj2jyiv3pqgdq8gh
    source: hosted
    version: 5.4.0
  pinenacl:
    archive_url: https://pub.dartlang.org/packages/pinenacl/versions/0.5.1.tar.gz
    dependency: transitive
    description:
      name: pinenacl
      sha256: 3a5503637587d635647c93ea9a8fecf48a420cc7deebe6f1fc85c2a5637ab327
      url: https://pub.dev
    sha256: 0didjgva658z90hbcmhd0y8w1b8v86dp6gabfhylnw1aixl47cxg
    source: hosted
    version: 0.5.1
  pool:
    archive_url: https://pub.dartlang.org/packages/pool/versions/1.5.1.tar.gz
    dependency: transitive
    description:
      name: pool
      sha256: 20fe868b6314b322ea036ba325e6fc0711a22948856475e2c2b6306e8ab39c2a
      url: https://pub.dev
    sha256: 0wmzs46hjszv3ayhr1p5l7xza7q9rkg2q9z4swmhdqmhlz3c50x4
    source: hosted
    version: 1.5.1
  protobuf:
    archive_url: https://pub.dartlang.org/packages/protobuf/versions/2.1.0.tar.gz
    dependency: transitive
    description:
      name: protobuf
      sha256: 01dd9bd0fa02548bf2ceee13545d4a0ec6046459d847b6b061d8a27237108a08
      url: https://pub.dev
    sha256: 1jriyisf8bnvq5ygjk93mn2yzdlnii7xrhy6aabz54xr3y4dcy9x
    source: hosted
    version: 2.1.0
  protoc_plugin:
    archive_url: https://pub.dartlang.org/packages/protoc_plugin/versions/20.0.1.tar.gz
    dependency: transitive
    description:
      name: protoc_plugin
      sha256: e2be5014ba145dc0f8de20ac425afa2a513aff64fe350d338e481d40de0573df
      url: https://pub.dev
    sha256: 0hjjd1xkv4s4g1d5n2aza0kdwlbfl2aivq99230m3yml7irn00jk
    source: hosted
    version: 20.0.1
  pub_semver:
    archive_url: https://pub.dartlang.org/packages/pub_semver/versions/2.1.4.tar.gz
    dependency: transitive
    description:
      name: pub_semver
      sha256: 40d3ab1bbd474c4c2328c91e3a7df8c6dd629b79ece4c4bd04bee496a224fb0c
      url: https://pub.dev
    sha256: 0wpcfz1crxipbjm18m71pl4vl2ra8vw1n93ff8snr54mmlyfb9z1
    source: hosted
    version: 2.1.4
  pubspec_parse:
    archive_url: https://pub.dartlang.org/packages/pubspec_parse/versions/1.2.3.tar.gz
    dependency: transitive
    description:
      name: pubspec_parse
      sha256: c63b2876e58e194e4b0828fcb080ad0e06d051cb607a6be51a9e084f47cb9367
      url: https://pub.dev
    sha256: 0dj8sf1w61g7vh1ly3sl690z0nwllzjzbapxswmgsglr0ndcyrs1
    source: hosted
    version: 1.2.3
  random_string:
    archive_url: https://pub.dartlang.org/packages/random_string/versions/2.3.1.tar.gz
    dependency: direct main
    description:
      name: random_string
      sha256: 03b52435aae8cbdd1056cf91bfc5bf845e9706724dd35ae2e99fa14a1ef79d02
      url: https://pub.dev
    sha256: 11cjiv75sgldvk3x7w6j77lgi08r6737wm94m3ylabylsr6zdyff
    source: hosted
    version: 2.3.1
  saslprep:
    archive_url: https://pub.dartlang.org/packages/saslprep/versions/1.0.2.tar.gz
    dependency: direct main
    description:
      name: saslprep
      sha256: 79c9e163a82f55da542feaf0f7a59031e74493299c92008b2b404cd88d639bb4
      url: https://pub.dev
    sha256: 04lss0xvm6p801p8306jdxg7k0b28kr6n65dz2f57dkca237kcw7
    source: hosted
    version: 1.0.2
  shelf:
    archive_url: https://pub.dartlang.org/packages/shelf/versions/1.4.1.tar.gz
    dependency: transitive
    description:
      name: shelf
      sha256: ad29c505aee705f41a4d8963641f91ac4cee3c8fad5947e033390a7bd8180fa4
      url: https://pub.dev
    sha256: 10yk98nadrgj5d3r3241kdaywjjs1j10mg8gacv80kg1mhcfdrxp
    source: hosted
    version: 1.4.1
  shelf_packages_handler:
    archive_url: https://pub.dartlang.org/packages/shelf_packages_handler/versions/3.0.2.tar.gz
    dependency: transitive
    description:
      name: shelf_packages_handler
      sha256: 89f967eca29607c933ba9571d838be31d67f53f6e4ee15147d5dc2934fee1b1e
      url: https://pub.dev
    sha256: 1h8s42nff9ar0xn7yb42m64lpvmqzq8wranqrkkixdnp7w3pmv1x
    source: hosted
    version: 3.0.2
  shelf_static:
    archive_url: https://pub.dartlang.org/packages/shelf_static/versions/1.1.2.tar.gz
    dependency: transitive
    description:
      name: shelf_static
      sha256: a41d3f53c4adf0f57480578c1d61d90342cd617de7fc8077b1304643c2d85c1e
      url: https://pub.dev
    sha256: 1bcqynn2z2syrigmrclxgg8hjhd1x9742938i62cicbaga6vclaz
    source: hosted
    version: 1.1.2
  shelf_web_socket:
    archive_url: https://pub.dartlang.org/packages/shelf_web_socket/versions/1.0.4.tar.gz
    dependency: transitive
    description:
      name: shelf_web_socket
      sha256: 9ca081be41c60190ebcb4766b2486a7d50261db7bd0f5d9615f2d653637a84c1
      url: https://pub.dev
    sha256: 110b5hrqwpnmq16shxxzjmcih5yfs5kh80dn8avfv0xj5iv7n94c
    source: hosted
    version: 1.0.4
  source_gen:
    archive_url: https://pub.dartlang.org/packages/source_gen/versions/1.3.2.tar.gz
    dependency: transitive
    description:
      name: source_gen
      sha256: 373f96cf5a8744bc9816c1ff41cf5391bbdbe3d7a96fe98c622b6738a8a7bd33
      url: https://pub.dev
    sha256: 1jql5zccv4vnbbvwcpyyvz8l27pg1rviqbp4vrks5313nf4b0kjg
    source: hosted
    version: 1.3.2
  source_helper:
    archive_url: https://pub.dartlang.org/packages/source_helper/versions/1.3.4.tar.gz
    dependency: transitive
    description:
      name: source_helper
      sha256: 6adebc0006c37dd63fe05bca0a929b99f06402fc95aa35bf36d67f5c06de01fd
      url: https://pub.dev
    sha256: 0mdd02vhcdcv9n58gzbx2q0bphwj0alz312ca1a8xpkf8jx3y8v4
    source: hosted
    version: 1.3.4
  source_map_stack_trace:
    archive_url: https://pub.dartlang.org/packages/source_map_stack_trace/versions/2.1.1.tar.gz
    dependency: transitive
    description:
      name: source_map_stack_trace
      sha256: 84cf769ad83aa6bb61e0aa5a18e53aea683395f196a6f39c4c881fb90ed4f7ae
      url: https://pub.dev
    sha256: 0b5d4c5n5qd3j8n10gp1khhr508wfl3819bhk6xnl34qxz8n032k
    source: hosted
    version: 2.1.1
  source_maps:
    archive_url: https://pub.dartlang.org/packages/source_maps/versions/0.10.12.tar.gz
    dependency: transitive
    description:
      name: source_maps
      sha256: 708b3f6b97248e5781f493b765c3337db11c5d2c81c3094f10904bfa8004c703
      url: https://pub.dev
    sha256: 004lcfka01agxjdw7zjhrffdkisvgx5s61b5gsl8qqk2jd1rswa7
    source: hosted
    version: 0.10.12
  source_span:
    archive_url: https://pub.dartlang.org/packages/source_span/versions/1.10.0.tar.gz
    dependency: transitive
    description:
      name: source_span
      sha256: 53e943d4206a5e30df338fd4c6e7a077e02254531b138a15aec3bd143c1a8b3c
      url: https://pub.dev
    sha256: 1nybnf7l5chslp4fczhqnrgrhymy844lw7qrj6y08i626dshrd46
    source: hosted
    version: 1.10.0
  stack_trace:
    archive_url: https://pub.dartlang.org/packages/stack_trace/versions/1.11.1.tar.gz
    dependency: transitive
    description:
      name: stack_trace
      sha256: 73713990125a6d93122541237550ee3352a2d84baad52d375a4cad2eb9b7ce0b
      url: https://pub.dev
    sha256: 0xpk2cvmgdh46iwip9jsb54fqx13jnina8pk03akxkmsxvag5izb
    source: hosted
    version: 1.11.1
  stream_channel:
    archive_url: https://pub.dartlang.org/packages/stream_channel/versions/2.1.2.tar.gz
    dependency: transitive
    description:
      name: stream_channel
      sha256: ba2aa5d8cc609d96bbb2899c28934f9e1af5cddbd60a827822ea467161eb54e7
      url: https://pub.dev
    sha256: 0nrlw6zcscgnn6818krkbgs9qiv3f7q8pa7ljw1bqkrsb7xabm8s
    source: hosted
    version: 2.1.2
  stream_transform:
    archive_url: https://pub.dartlang.org/packages/stream_transform/versions/2.1.0.tar.gz
    dependency: transitive
    description:
      name: stream_transform
      sha256: 14a00e794c7c11aa145a170587321aedce29769c08d7f58b1d141da75e3b1c6f
      url: https://pub.dev
    sha256: 0jq6767v9ds17i2nd6mdd9i0f7nvsgg3dz74d0v54x66axjgr0gp
    source: hosted
    version: 2.1.0
  string_scanner:
    archive_url: https://pub.dartlang.org/packages/string_scanner/versions/1.2.0.tar.gz
    dependency: transitive
    description:
      name: string_scanner
      sha256: 556692adab6cfa87322a115640c11f13cb77b3f076ddcc5d6ae3c20242bedcde
      url: https://pub.dev
    sha256: 0p1r0v2923avwfg03rk0pmc6f21m0zxpcx6i57xygd25k6hdfi00
    source: hosted
    version: 1.2.0
  synchronized:
    archive_url: https://pub.dartlang.org/packages/synchronized/versions/3.1.0.tar.gz
    dependency: direct main
    description:
      name: synchronized
      sha256: 5fcbd27688af6082f5abd611af56ee575342c30e87541d0245f7ff99faa02c60
      url: https://pub.dev
    sha256: 1fx1z1p5qkn4qnq24riw5s86vmq645ppg8f74iyv2fc9rvr301ar
    source: hosted
    version: 3.1.0
  term_glyph:
    archive_url: https://pub.dartlang.org/packages/term_glyph/versions/1.2.1.tar.gz
    dependency: transitive
    description:
      name: term_glyph
      sha256: a29248a84fbb7c79282b40b8c72a1209db169a2e0542bce341da992fe1bc7e84
      url: https://pub.dev
    sha256: 1x8nspxaccls0sxjamp703yp55yxdvhj6wg21lzwd296i9rwlxh9
    source: hosted
    version: 1.2.1
  test:
    archive_url: https://pub.dartlang.org/packages/test/versions/1.24.3.tar.gz
    dependency: direct dev
    description:
      name: test
      sha256: 13b41f318e2a5751c3169137103b60c584297353d4b1761b66029bae6411fe46
      url: https://pub.dev
    sha256: 002phlj2pg6nll5hv449izxbqk29zwmwc77d0jx2iimz18dgy2r5
    source: hosted
    version: 1.24.3
  test_api:
    archive_url: https://pub.dartlang.org/packages/test_api/versions/0.6.0.tar.gz
    dependency: transitive
    description:
      name: test_api
      sha256: 75760ffd7786fffdfb9597c35c5b27eaeec82be8edfb6d71d32651128ed7aab8
      url: https://pub.dev
    sha256: 0as1xcywjrd2zax3cm56qmnac12shf8c1ynnzzjwnggm23f61dxb
    source: hosted
    version: 0.6.0
  test_core:
    archive_url: https://pub.dartlang.org/packages/test_core/versions/0.5.3.tar.gz
    dependency: transitive
    description:
      name: test_core
      sha256: 99806e9e6d95c7b059b7a0fc08f07fc53fabe54a829497f0d9676299f1e8637e
      url: https://pub.dev
    sha256: 1cx2rmz1xzk5z5yh8fpbsrsz4mgjanrw4xvnp0qzdnm2d7vhaq0y
    source: hosted
    version: 0.5.3
  timing:
    archive_url: https://pub.dartlang.org/packages/timing/versions/1.0.1.tar.gz
    dependency: transitive
    description:
      name: timing
      sha256: 70a3b636575d4163c477e6de42f247a23b315ae20e86442bebe32d3cabf61c32
      url: https://pub.dev
    sha256: 15jvxsw7v0gwbdlykma60l1qlhlzb3brh6m0sg2bgbfir4l5s9gw
    source: hosted
    version: 1.0.1
  typed_data:
    archive_url: https://pub.dartlang.org/packages/typed_data/versions/1.3.2.tar.gz
    dependency: transitive
    description:
      name: typed_data
      sha256: facc8d6582f16042dd49f2463ff1bd6e2c9ef9f3d5da3d9b087e244a7b564b3c
      url: https://pub.dev
    sha256: 0q6ggc52vfpr8kqaq69h757wy942hvgshhnsr2pjdinb4zk2sxl1
    source: hosted
    version: 1.3.2
  unorm_dart:
    archive_url: https://pub.dartlang.org/packages/unorm_dart/versions/0.2.0.tar.gz
    dependency: transitive
    description:
      name: unorm_dart
      sha256: 5b35bff83fce4d76467641438f9e867dc9bcfdb8c1694854f230579d68cd8f4b
      url: https://pub.dev
    sha256: 05kyk2764yz14pzgx00i7h5b1lzh8kjqnxspfzyf8z920bcgbz0v
    source: hosted
    version: 0.2.0
  uuid:
    archive_url: https://pub.dartlang.org/packages/uuid/versions/3.0.7.tar.gz
    dependency: direct main
    description:
      name: uuid
      sha256: 648e103079f7c64a36dc7d39369cabb358d377078a051d6ae2ad3aa539519313
      url: https://pub.dev
    sha256: 1nh1hxfr6bhyadqqcxrpwrphmm75f1iq4rzfjdwa2486xwlh7vx3
    source: hosted
    version: 3.0.7
  very_good_analysis:
    archive_url: https://pub.dartlang.org/packages/very_good_analysis/versions/3.1.0.tar.gz
    dependency: direct dev
    description:
      name: very_good_analysis
      sha256: 4815adc7ded57657038d2bb2a7f332c50e3c8152f7d3c6acf8f6b7c0cc81e5e2
      url: https://pub.dev
    sha256: 1p2dh8aahbqyyqfzbsxswafgxnmxgisjq2xfp008skyh7imk6sz4
    source: hosted
    version: 3.1.0
  vm_service:
    archive_url: https://pub.dartlang.org/packages/vm_service/versions/11.10.0.tar.gz
    dependency: transitive
    description:
      name: vm_service
      sha256: c538be99af830f478718b51630ec1b6bee5e74e52c8a802d328d9e71d35d2583
      url: https://pub.dev
    sha256: 15ail7rbaq9ksg73cc0mw2k5imbiidl95yfd4v49k81gp5xmj92w
    source: hosted
    version: 11.10.0
  watcher:
    archive_url: https://pub.dartlang.org/packages/watcher/versions/1.0.2.tar.gz
    dependency: transitive
    description:
      name: watcher
      sha256: 6a7f46926b01ce81bfc339da6a7f20afbe7733eff9846f6d6a5466aa4c6667c0
      url: https://pub.dev
    sha256: 1sk7gvwa7s0h4l652qrgbh7l8wyqc6nr6lki8m4rj55720p0fnyg
    source: hosted
    version: 1.0.2
  web_socket_channel:
    archive_url: https://pub.dartlang.org/packages/web_socket_channel/versions/2.4.0.tar.gz
    dependency: transitive
    description:
      name: web_socket_channel
      sha256: d88238e5eac9a42bb43ca4e721edba3c08c6354d4a53063afaa568516217621b
      url: https://pub.dev
    sha256: 0f9441c4zifb5qadpjg319dcilimpkdhfacnkl543802bf8qjn4w
    source: hosted
    version: 2.4.0
  webkit_inspection_protocol:
    archive_url: https://pub.dartlang.org/packages/webkit_inspection_protocol/versions/1.2.0.tar.gz
    dependency: transitive
    description:
      name: webkit_inspection_protocol
      sha256: 67d3a8b6c79e1987d19d848b0892e582dbb0c66c57cc1fef58a177dd2aa2823d
      url: https://pub.dev
    sha256: 0z400dzw7gf68a3wm95xi2mf461iigkyq6x69xgi7qs3fvpmn3hx
    source: hosted
    version: 1.2.0
  xml:
    archive_url: https://pub.dartlang.org/packages/xml/versions/6.3.0.tar.gz
    dependency: direct main
    description:
      name: xml
      sha256: 5bc72e1e45e941d825fd7468b9b4cc3b9327942649aeb6fc5cdbf135f0a86e84
      url: https://pub.dev
    sha256: 120azx71gazvrrn07vd83vrffzrhsqnmf9rdjxl73rra9py8ixiy
    source: hosted
    version: 6.3.0
  yaml:
    archive_url: https://pub.dartlang.org/packages/yaml/versions/3.1.2.tar.gz
    dependency: transitive
    description:
      name: yaml
      sha256: 75769501ea3489fca56601ff33454fe45507ea3bfb014161abc3b43ae25989d5
      url: https://pub.dev
    sha256: 0awh9dynbhrlq8zgszaiyxbyyn9b6wyps1zww4z2lx62nbma0pda
    source: hosted
    version: 3.1.2
